
Microsoft Visual Studio Solution File, Format Version 12.00
# Visual Studio 15
VisualStudioVersion = 15.0.27703.2026
MinimumVisualStudioVersion = 10.0.40219.1
Project("{FAE04EC0-301F-11D3-BF4B-00C04F79EFBC}") = "NaiveCoin", "NaiveCoin.csproj", "{905F54B0-2F2D-B3F8-3DCD-8750A7636572}"
EndProject
Global
	GlobalSection(SolutionConfigurationPlatforms) = preSolution
		Debug|Any CPU = Debug|Any CPU
		Release|Any CPU = Release|Any CPU
	EndGlobalSection
	GlobalSection(ProjectConfigurationPlatforms) = postSolution
		{905F54B0-2F2D-B3F8-3DCD-8750A7636572}.Debug|Any CPU.ActiveCfg = Debug|Any CPU
		{905F54B0-2F2D-B3F8-3DCD-8750A7636572}.Debug|Any CPU.Build.0 = Debug|Any CPU
		{905F54B0-2F2D-B3F8-3DCD-8750A7636572}.Release|Any CPU.ActiveCfg = Release|Any CPU
		{905F54B0-2F2D-B3F8-3DCD-8750A7636572}.Release|Any CPU.Build.0 = Release|Any CPU
	EndGlobalSection
	GlobalSection(SolutionProperties) = preSolution
		HideSolutionNode = FALSE
	EndGlobalSection
	GlobalSection(ExtensibilityGlobals) = postSolution
		SolutionGuid = {770B5188-53DD-44D9-8AA9-3A702A9DEC5D}
	EndGlobalSection
EndGlobal
